
Microsoft Visual Studio Solution File, Format Version 12.00
# Visual Studio 15
VisualStudioVersion = 15.0.27004.2010
MinimumVisualStudioVersion = 10.0.40219.1
Project("{2150E333-8FDC-42A3-9474-1A3956D46DE8}") = ".nuget", ".nuget", "{4998CFBC-6ECF-4D29-954C-CF020091308E}"
	ProjectSection(SolutionItems) = preProject
		.nuget\NuGet.exe = .nuget\NuGet.exe
	EndProjectSection
EndProject
Project("{2150E333-8FDC-42A3-9474-1A3956D46DE8}") = "Solution Items", "Solution Items", "{71E8A124-D55F-464E-AAB2-82C8C02D9A38}"
	ProjectSection(SolutionItems) = preProject
		LICENSE = LICENSE
	EndProjectSection
EndProject
Project("{9A19103F-16F7-4668-BE54-9A1E7A4F7556}") = "ReSharperExtensionsShared.RS20181", "Src\ReSharperExtensionsShared\ReSharperExtensionsShared.RS20181.csproj", "{2EC72DFB-257C-4156-B701-6E2E0378C97B}"
EndProject
Project("{2150E333-8FDC-42A3-9474-1A3956D46DE8}") = "Src", "Src", "{26B55A35-CCB1-4635-871A-EE770850A5F2}"
EndProject
Project("{2150E333-8FDC-42A3-9474-1A3956D46DE8}") = "Build", "Build", "{2159E662-A9C1-47BC-BD63-6255559D54A0}"
	ProjectSection(SolutionItems) = preProject
		Build\BuildFunctions.ps1 = Build\BuildFunctions.ps1
	EndProjectSection
EndProject
Project("{9A19103F-16F7-4668-BE54-9A1E7A4F7556}") = "ReSharperExtensionsShared.Tests.RS20181", "Src\ReSharperExtensionsShared.Tests\ReSharperExtensionsShared.Tests.RS20181.csproj", "{60C7BA9F-6157-4747-AA79-9B6731F61856}"
EndProject
Global
	GlobalSection(SolutionConfigurationPlatforms) = preSolution
		Debug|Any CPU = Debug|Any CPU
		Release|Any CPU = Release|Any CPU
	EndGlobalSection
	GlobalSection(ProjectConfigurationPlatforms) = postSolution
		{2EC72DFB-257C-4156-B701-6E2E0378C97B}.Debug|Any CPU.ActiveCfg = Debug|Any CPU
		{2EC72DFB-257C-4156-B701-6E2E0378C97B}.Debug|Any CPU.Build.0 = Debug|Any CPU
		{2EC72DFB-257C-4156-B701-6E2E0378C97B}.Release|Any CPU.ActiveCfg = Release|Any CPU
		{2EC72DFB-257C-4156-B701-6E2E0378C97B}.Release|Any CPU.Build.0 = Release|Any CPU
		{60C7BA9F-6157-4747-AA79-9B6731F61856}.Debug|Any CPU.ActiveCfg = Debug|Any CPU
		{60C7BA9F-6157-4747-AA79-9B6731F61856}.Debug|Any CPU.Build.0 = Debug|Any CPU
		{60C7BA9F-6157-4747-AA79-9B6731F61856}.Release|Any CPU.ActiveCfg = Release|Any CPU
		{60C7BA9F-6157-4747-AA79-9B6731F61856}.Release|Any CPU.Build.0 = Release|Any CPU
	EndGlobalSection
	GlobalSection(SolutionProperties) = preSolution
		HideSolutionNode = FALSE
	EndGlobalSection
	GlobalSection(NestedProjects) = preSolution
		{2EC72DFB-257C-4156-B701-6E2E0378C97B} = {26B55A35-CCB1-4635-871A-EE770850A5F2}
		{60C7BA9F-6157-4747-AA79-9B6731F61856} = {26B55A35-CCB1-4635-871A-EE770850A5F2}
	EndGlobalSection
	GlobalSection(ExtensibilityGlobals) = postSolution
		SolutionGuid = {0EC27A5D-5C33-4EB6-80AE-5B63185A62FA}
	EndGlobalSection
EndGlobal
